{
  "name": "relay-federation",
  "version": "0.1.0",
  "lockfileVersion": 3,
  "requires": true,
  "packages": {
    "": {
      "name": "relay-federation",
      "version": "0.1.0",
      "license": "MIT",
      "workspaces": [
        "packages/*"
      ]
    },
    "node_modules/@bsv/sdk": {
      "version": "1.10.1",
      "resolved": "https://registry.npmjs.org/@bsv/sdk/-/sdk-1.10.1.tgz",
      "integrity": "sha512-YhlkVvUZkYaSRSgpDOfCXUn8Tua4adWb8D2LIB63LjBe5kZXdRLWORWdTg5/fwE8fF4V9obSlxIeNSO9dTIzYg==",
      "license": "SEE LICENSE IN LICENSE.txt"
    },
    "node_modules/@relay-federation/bridge": {
      "resolved": "packages/bridge",
      "link": true
    },
    "node_modules/@relay-federation/discovery": {
      "resolved": "packages/discovery",
      "link": true
    },
    "node_modules/@relay-federation/registry": {
      "resolved": "packages/registry",
      "link": true
    },
    "node_modules/cborg": {
      "version": "4.5.8",
      "resolved": "https://registry.npmjs.org/cborg/-/cborg-4.5.8.tgz",
      "integrity": "sha512-6/viltD51JklRhq4L7jC3zgy6gryuG5xfZ3kzpE+PravtyeQLeQmCYLREhQH7pWENg5pY4Yu/XCd6a7dKScVlw==",
      "license": "Apache-2.0",
      "bin": {
        "cborg": "lib/bin.js"
      }
    },
    "node_modules/ws": {
      "version": "8.19.0",
      "resolved": "https://registry.npmjs.org/ws/-/ws-8.19.0.tgz",
      "integrity": "sha512-blAT2mjOEIi0ZzruJfIhb3nps74PRWTCz1IjglWEEpQl5XS/UNama6u2/rjFkDDouqr4L67ry+1aGIALViWjDg==",
      "license": "MIT",
      "engines": {
        "node": ">=10.0.0"
      },
      "peerDependencies": {
        "bufferutil": "^4.0.1",
        "utf-8-validate": ">=5.0.2"
      },
      "peerDependenciesMeta": {
        "bufferutil": {
          "optional": true
        },
        "utf-8-validate": {
          "optional": true
        }
      }
    },
    "packages/bridge": {
      "name": "@relay-federation/bridge",
      "version": "0.1.0",
      "dependencies": {
        "ws": "^8.19.0"
      },
      "bin": {
        "relay-bridge": "cli.js"
      }
    },
    "packages/discovery": {
      "name": "@relay-federation/discovery",
      "version": "0.1.0"
    },
    "packages/registry": {
      "name": "@relay-federation/registry",
      "version": "0.1.0",
      "dependencies": {
        "@bsv/sdk": "^1.10.1",
        "cborg": "^4.5.8"
      }
    }
  }
}
